lockfileVersion: 5.3

specifiers:
  cnd: 9.2.2
  dbay: 10.117.0
  guy: 2.7.0
  intertype: 7.7.0
  rustybuzz-wasm: 3.3.0
  to-width: ^1.2.0

dependencies:
  cnd: 9.2.2
  guy: 2.7.0
  intertype: 7.7.0
  rustybuzz-wasm: 3.3.0
  to-width: 1.2.0

devDependencies:
  dbay: 10.117.0

packages:

  /ansi-regex/5.0.1:
    resolution: {integrity: sha512-quJQXlTSUGL2LH9SUXo8VwsY4soanhgo6LNSm84E1LBcE8s3O0wpdiRzyR9z/ZZJMlMWv37qOOb9pdJlMUEKFQ==}
    engines: {node: '>=8'}
    dev: false

  /cnd/9.2.2:
    resolution: {integrity: sha512-F+/H+7luk4fZkvN0+MT0I2nwn80YM/EtfMttNUFxENR50XJH4g0KgQevzeyEJ8B6t6l8Tb4Xti6QAksa8DmePA==}
    hasBin: true
    dependencies:
      jsx-number-format: 0.1.4

  /dbay/10.117.0:
    resolution: {integrity: sha512-zUPmuX/2mrOsF0gaxQ4nJ64nJ70PWD1gg+/aXht4ECWZrZaTXHi29zLsngKLMlFeE2o4n1xNkHFuM1F6Tl5Qrw==}
    requiresBuild: true
    dependencies:
      cnd: 9.2.2
      exit-hook: 2.2.1
      guy: 2.7.0
      intertype: 7.6.7
    transitivePeerDependencies:
      - deasync
    dev: true

  /emoji-regex/8.0.0:
    resolution: {integrity: sha512-MSjYzcWNOA0ewAHpz0MxpYFvwg6yjy1NG3xteoqz644VCo/RPgnr1/GGt+ic3iJTzQ8Eu3TdM14SawnVUmGE6A==}
    dev: false

  /exit-hook/2.2.1:
    resolution: {integrity: sha512-eNTPlAD67BmP31LDINZ3U7HSF8l57TxOY2PmBJ1shpCvpnxBF93mWCE8YHBnXs8qiUZJc9WDcWIeC3a2HIAMfw==}
    engines: {node: '>=6'}
    dev: true

  /guy/2.7.0:
    resolution: {integrity: sha512-yA2pHwCesUoAR/b5Y4bbIvZYLDNYKAymbih+tvTeSnNjp9/6YvDJXlTjsQiPLC6vaftWl1OQ1ErchiK4F9wXjg==}
    peerDependencies:
      deasync: ^0.1.22
    dependencies:
      cnd: 9.2.2
      intertype: 7.6.7
      letsfreezethat: 3.1.0

  /intertype/7.6.7:
    resolution: {integrity: sha512-vBgYabqxX3fLa9f0Z3QeXgYszadAGdAHXdLcdQc5ZxZSG5CmbJCdYcudZLYtgmNo8epQag8zzyg7wwx+OD5J8g==}
    dependencies:
      multimix: 5.0.0

  /intertype/7.7.0:
    resolution: {integrity: sha512-Sv923oXpq9In8/CuxP5KAKc3FIETOEl23ltwSfLOnn/8V8A5pDRlxWo0vhaA6p7WybRMgeZXsE4Etw98tWUMPA==}
    dependencies:
      multimix: 5.0.0
    dev: false

  /is-fullwidth-code-point/3.0.0:
    resolution: {integrity: sha512-zymm5+u+sCsSWyD9qNaejV3DFvhCKclKdizYaJUuHA83RLjb7nSuGnddCHGv0hk+KY7BMAlsWeK4Ueg6EV6XQg==}
    engines: {node: '>=8'}
    dev: false

  /jsx-number-format/0.1.4:
    resolution: {integrity: sha512-uPc/Q90XqZoRE7Cu1OLFQB2cSrA2Dy8+okzPOtML8vbagNFDSipbndIPme+q0odBjEhL+wf3WH3Wo52was4Tsg==}

  /letsfreezethat/3.1.0:
    resolution: {integrity: sha512-jJ1nvvQi6unW0WifjNPMIb64Byom0EXzSKWFYA++EpyjK3qv1J2pqeSoEJ61tGJoNG0GoNjPoeLYhxW16riZaA==}

  /multimix/5.0.0:
    resolution: {integrity: sha512-N9cdGSDDD7kxOV7R6e4iZqsHTZ4F4iiSDWqMcVqx4gEH6HBtRXav39Gj3fgT1YqvBcwPCQuf0Oa5R2cDaLWK8A==}

  /rustybuzz-wasm/3.3.0:
    resolution: {integrity: sha512-QeEGpE6WNhwrFkEn66mXsh2lFpaKyyIY+F8ej2vJW7R5ZWHLxRwyQMTrJ6JMap5brMeZDViL4oKne3NjatXkXw==}
    dev: false

  /string-width/4.2.3:
    resolution: {integrity: sha512-wKyQRQpjJ0sIp62ErSZdGsjMJWsap5oRNihHhu6G7JVO/9jIB6UyevL+tXuOqrng8j/cxKTWyWUwvSTriiZz/g==}
    engines: {node: '>=8'}
    dependencies:
      emoji-regex: 8.0.0
      is-fullwidth-code-point: 3.0.0
      strip-ansi: 6.0.1
    dev: false

  /strip-ansi/6.0.1:
    resolution: {integrity: sha512-Y38VPSHcqkFrCpFnQ9vuSXmquuv5oXOKpGeT6aGrr3o3Gc9AlVa6JBfUSOCnbxGGZF+/0ooI7KrPuUSztUdU5A==}
    engines: {node: '>=8'}
    dependencies:
      ansi-regex: 5.0.1
    dev: false

  /to-width/1.2.0:
    resolution: {integrity: sha512-ok/CRyzSZVA6xk9t5PuWuh3SHqCtKCkhI6dfF2YaVX11clXz4yAxxyesC27+m54ilrMRtqTI9UNQRct8lwVYZQ==}
    dependencies:
      string-width: 4.2.3
      wcstring: 2.1.1
    dev: false

  /varsize-string/2.2.2:
    resolution: {integrity: sha1-7xs7bHLbCDXqL4TN+R/sMMUgaIs=}
    dev: false

  /wcsize/1.0.0:
    resolution: {integrity: sha1-qKLhXmqKdHkdulgPaaV9J+hQ6h4=}
    dev: false

  /wcstring/2.1.1:
    resolution: {integrity: sha1-3tUtdFycceJNCkidKCbSKjZe0Gc=}
    dependencies:
      varsize-string: 2.2.2
      wcsize: 1.0.0
    dev: false
