lockfileVersion: 5.3

specifiers:
  cnd: 9.2.2
  dbay: 10.117.0
  guy: 2.7.0
  intertype: 7.7.0
  rustybuzz-wasm: 3.2.0

dependencies:
  cnd: 9.2.2
  guy: 2.7.0
  intertype: 7.7.0
  rustybuzz-wasm: 3.2.0

devDependencies:
  dbay: 10.117.0

packages:

  /cnd/9.2.2:
    resolution: {integrity: sha512-F+/H+7luk4fZkvN0+MT0I2nwn80YM/EtfMttNUFxENR50XJH4g0KgQevzeyEJ8B6t6l8Tb4Xti6QAksa8DmePA==}
    hasBin: true
    dependencies:
      jsx-number-format: 0.1.4

  /dbay/10.117.0:
    resolution: {integrity: sha512-zUPmuX/2mrOsF0gaxQ4nJ64nJ70PWD1gg+/aXht4ECWZrZaTXHi29zLsngKLMlFeE2o4n1xNkHFuM1F6Tl5Qrw==}
    requiresBuild: true
    dependencies:
      cnd: 9.2.2
      exit-hook: 2.2.1
      guy: 2.7.0
      intertype: 7.6.7
    transitivePeerDependencies:
      - deasync
    dev: true

  /exit-hook/2.2.1:
    resolution: {integrity: sha512-eNTPlAD67BmP31LDINZ3U7HSF8l57TxOY2PmBJ1shpCvpnxBF93mWCE8YHBnXs8qiUZJc9WDcWIeC3a2HIAMfw==}
    engines: {node: '>=6'}
    dev: true

  /guy/2.7.0:
    resolution: {integrity: sha512-yA2pHwCesUoAR/b5Y4bbIvZYLDNYKAymbih+tvTeSnNjp9/6YvDJXlTjsQiPLC6vaftWl1OQ1ErchiK4F9wXjg==}
    peerDependencies:
      deasync: ^0.1.22
    dependencies:
      cnd: 9.2.2
      intertype: 7.6.7
      letsfreezethat: 3.1.0

  /intertype/7.6.7:
    resolution: {integrity: sha512-vBgYabqxX3fLa9f0Z3QeXgYszadAGdAHXdLcdQc5ZxZSG5CmbJCdYcudZLYtgmNo8epQag8zzyg7wwx+OD5J8g==}
    dependencies:
      multimix: 5.0.0

  /intertype/7.7.0:
    resolution: {integrity: sha512-Sv923oXpq9In8/CuxP5KAKc3FIETOEl23ltwSfLOnn/8V8A5pDRlxWo0vhaA6p7WybRMgeZXsE4Etw98tWUMPA==}
    dependencies:
      multimix: 5.0.0
    dev: false

  /jsx-number-format/0.1.4:
    resolution: {integrity: sha512-uPc/Q90XqZoRE7Cu1OLFQB2cSrA2Dy8+okzPOtML8vbagNFDSipbndIPme+q0odBjEhL+wf3WH3Wo52was4Tsg==}

  /letsfreezethat/3.1.0:
    resolution: {integrity: sha512-jJ1nvvQi6unW0WifjNPMIb64Byom0EXzSKWFYA++EpyjK3qv1J2pqeSoEJ61tGJoNG0GoNjPoeLYhxW16riZaA==}

  /multimix/5.0.0:
    resolution: {integrity: sha512-N9cdGSDDD7kxOV7R6e4iZqsHTZ4F4iiSDWqMcVqx4gEH6HBtRXav39Gj3fgT1YqvBcwPCQuf0Oa5R2cDaLWK8A==}

  /rustybuzz-wasm/3.2.0:
    resolution: {integrity: sha512-X2uLm3u8MyvKtDCn0Vzn32OSgxLD+oxqBjGOPIaLOeV+oduQv7L036uDQdopt2S0ciiSyZnOWuytvvENY+SFMQ==}
    dev: false
